
Microsoft Visual Studio Solution File, Format Version 12.00
# Visual Studio 15
VisualStudioVersion = 15.0.28307.329
MinimumVisualStudioVersion = 10.0.40219.1
Project("{FAE04EC0-301F-11D3-BF4B-00C04F79EFBC}") = "Task3", "Task3\Task3.csproj", "{C22BD97A-7445-4EF7-A847-051415F2195C}"
EndProject
Global
	GlobalSection(SolutionConfigurationPlatforms) = preSolution
		Debug|Any CPU = Debug|Any CPU
		Release|Any CPU = Release|Any CPU
	EndGlobalSection
	GlobalSection(ProjectConfigurationPlatforms) = postSolution
		{C22BD97A-7445-4EF7-A847-051415F2195C}.Debug|Any CPU.ActiveCfg = Debug|Any CPU
		{C22BD97A-7445-4EF7-A847-051415F2195C}.Debug|Any CPU.Build.0 = Debug|Any CPU
		{C22BD97A-7445-4EF7-A847-051415F2195C}.Release|Any CPU.ActiveCfg = Release|Any CPU
		{C22BD97A-7445-4EF7-A847-051415F2195C}.Release|Any CPU.Build.0 = Release|Any CPU
	EndGlobalSection
	GlobalSection(SolutionProperties) = preSolution
		HideSolutionNode = FALSE
	EndGlobalSection
	GlobalSection(ExtensibilityGlobals) = postSolution
		SolutionGuid = {B725484F-B038-4C4A-B8A1-BFDE56B88D07}
	EndGlobalSection
EndGlobal
