
Microsoft Visual Studio Solution File, Format Version 12.00
# Visual Studio 15
VisualStudioVersion = 15.0.28307.329
MinimumVisualStudioVersion = 10.0.40219.1
Project("{FAE04EC0-301F-11D3-BF4B-00C04F79EFBC}") = "Task4", "Task4\Task4.csproj", "{0D2A6D03-A759-49F8-B3A2-885ADCD12CAD}"
EndProject
Global
	GlobalSection(SolutionConfigurationPlatforms) = preSolution
		Debug|Any CPU = Debug|Any CPU
		Release|Any CPU = Release|Any CPU
	EndGlobalSection
	GlobalSection(ProjectConfigurationPlatforms) = postSolution
		{0D2A6D03-A759-49F8-B3A2-885ADCD12CAD}.Debug|Any CPU.ActiveCfg = Debug|Any CPU
		{0D2A6D03-A759-49F8-B3A2-885ADCD12CAD}.Debug|Any CPU.Build.0 = Debug|Any CPU
		{0D2A6D03-A759-49F8-B3A2-885ADCD12CAD}.Release|Any CPU.ActiveCfg = Release|Any CPU
		{0D2A6D03-A759-49F8-B3A2-885ADCD12CAD}.Release|Any CPU.Build.0 = Release|Any CPU
	EndGlobalSection
	GlobalSection(SolutionProperties) = preSolution
		HideSolutionNode = FALSE
	EndGlobalSection
	GlobalSection(ExtensibilityGlobals) = postSolution
		SolutionGuid = {75559308-E38D-42FC-912C-0705181D6C63}
	EndGlobalSection
EndGlobal
