
Microsoft Visual Studio Solution File, Format Version 12.00
# Visual Studio 15
VisualStudioVersion = 15.0.28307.329
MinimumVisualStudioVersion = 10.0.40219.1
Project("{FAE04EC0-301F-11D3-BF4B-00C04F79EFBC}") = "Task1", "Task1\Task1.csproj", "{DCB90AFF-28B9-4482-9F2C-6047FF1EE3AB}"
EndProject
Global
	GlobalSection(SolutionConfigurationPlatforms) = preSolution
		Debug|Any CPU = Debug|Any CPU
		Release|Any CPU = Release|Any CPU
	EndGlobalSection
	GlobalSection(ProjectConfigurationPlatforms) = postSolution
		{DCB90AFF-28B9-4482-9F2C-6047FF1EE3AB}.Debug|Any CPU.ActiveCfg = Debug|Any CPU
		{DCB90AFF-28B9-4482-9F2C-6047FF1EE3AB}.Debug|Any CPU.Build.0 = Debug|Any CPU
		{DCB90AFF-28B9-4482-9F2C-6047FF1EE3AB}.Release|Any CPU.ActiveCfg = Release|Any CPU
		{DCB90AFF-28B9-4482-9F2C-6047FF1EE3AB}.Release|Any CPU.Build.0 = Release|Any CPU
	EndGlobalSection
	GlobalSection(SolutionProperties) = preSolution
		HideSolutionNode = FALSE
	EndGlobalSection
	GlobalSection(ExtensibilityGlobals) = postSolution
		SolutionGuid = {703ADA4E-D1EA-4EDD-BFFF-73220A46D0D8}
	EndGlobalSection
EndGlobal
